// !$*UTF8*$!
{
	archiveVersion = 1;
	classes = {
	};
	objectVersion = 77;
	objects = {

/* Begin PBXBuildFile section */
		99857ECE2D8D816F00CB00FE /* FirebaseAnalytics in Frameworks */ = {isa = PBXBuildFile; productRef = 99857ECD2D8D816F00CB00FE /* FirebaseAnalytics */; };
		99857ED02D8D816F00CB00FE /* FirebaseAuth in Frameworks */ = {isa = PBXBuildFile; productRef = 99857ECF2D8D816F00CB00FE /* FirebaseAuth */; };
		99857ED22D8D816F00CB00FE /* FirebaseCore in Frameworks */ = {isa = PBXBuildFile; productRef = 99857ED12D8D816F00CB00FE /* FirebaseCore */; };
		99857ED42D8D816F00CB00FE /* FirebaseFirestore in Frameworks */ = {isa = PBXBuildFile; productRef = 99857ED32D8D816F00CB00FE /* FirebaseFirestore */; };
/* End PBXBuildFile section */

/* Begin PBXContainerItemProxy section */
		99857E712D8D7FC400CB00FE /* PBXContainerItemProxy */ = {
			isa = PBXContainerItemProxy;
			containerPortal = 99857E582D8D7FC300CB00FE /* Project object */;
			proxyType = 1;
			remoteGlobalIDString = 99857E5F2D8D7FC300CB00FE;
			remoteInfo = fibroapoio;
		};
		99857E7B2D8D7FC400CB00FE /* PBXContainerItemProxy */ = {
			isa = PBXContainerItemProxy;
			containerPortal = 99857E582D8D7FC300CB00FE /* Project object */;
			proxyType = 1;
			remoteGlobalIDString = 99857E5F2D8D7FC300CB00FE;
			remoteInfo = fibroapoio;
		};
/* End PBXContainerItemProxy section */

/* Begin PBXFileReference section */
		99857E602D8D7FC300CB00FE /* fibroapoio.app */ = {isa = PBXFileReference; explicitFileType = wrapper.application; includeInIndex = 0; path = fibroapoio.app; sourceTree = BUILT_PRODUCTS_DIR; };
		99857E702D8D7FC400CB00FE /* fibroapoioTests.xctest */ = {isa = PBXFileReference; explicitFileType = wrapper.cfbundle; includeInIndex = 0; path = fibroapoioTests.xctest; sourceTree = BUILT_PRODUCTS_DIR; };
		99857E7A2D8D7FC400CB00FE /* fibroapoioUITests.xctest */ = {isa = PBXFileReference; explicitFileType = wrapper.cfbundle; includeInIndex = 0; path = fibroapoioUITests.xctest; sourceTree = BUILT_PRODUCTS_DIR; };
/* End PBXFileReference section */

/* Begin PBXFileSystemSynchronizedRootGroup section */
		99857E622D8D7FC300CB00FE /* Fibroapoio */ = {
			isa = PBXFileSystemSynchronizedRootGroup;
			path = Fibroapoio;
			sourceTree = "<group>";
		};
		99857E732D8D7FC400CB00FE /* FibroApoioTests */ = {
			isa = PBXFileSystemSynchronizedRootGroup;
			path = FibroApoioTests;
			sourceTree = "<group>";
		};
		99857E7D2D8D7FC400CB00FE /* FibroApoioUITests */ = {
			isa = PBXFileSystemSynchronizedRootGroup;
			path = FibroApoioUITests;
			sourceTree = "<group>";
		};
/* End PBXFileSystemSynchronizedRootGroup section */

/* Begin PBXFrameworksBuildPhase section */
		99857E5D2D8D7FC300CB00FE /* Frameworks */ = {
			isa = PBXFrameworksBuildPhase;
			buildActionMask = 2147483647;
			files = (
				99857ECE2D8D816F00CB00FE /* FirebaseAnalytics in Frameworks */,
				99857ED42D8D816F00CB00FE /* FirebaseFirestore in Frameworks */,
				99857ED22D8D816F00CB00FE /* FirebaseCore in Frameworks */,
				99857ED02D8D816F00CB00FE /* FirebaseAuth in Frameworks */,
			);
			runOnlyForDeploymentPostprocessing = 0;
		};
		99857E6D2D8D7FC400CB00FE /* Frameworks */ = {
			isa = PBXFrameworksBuildPhase;
			buildActionMask = 2147483647;
			files = (
			);
			runOnlyForDeploymentPostprocessing = 0;
		};
		99857E772D8D7FC400CB00FE /* Frameworks */ = {
			isa = PBXFrameworksBuildPhase;
			buildActionMask = 2147483647;
			files = (
			);
			runOnlyForDeploymentPostprocessing = 0;
		};
/* End PBXFrameworksBuildPhase section */

/* Begin PBXGroup section */
		99857E572D8D7FC300CB00FE = {
			isa = PBXGroup;
			children = (
				99857E622D8D7FC300CB00FE /* Fibroapoio */,
				99857E732D8D7FC400CB00FE /* FibroApoioTests */,
				99857E7D2D8D7FC400CB00FE /* FibroApoioUITests */,
				99857E612D8D7FC300CB00FE /* Products */,
			);
			sourceTree = "<group>";
		};
		99857E612D8D7FC300CB00FE /* Products */ = {
			isa = PBXGroup;
			children = (
				99857E602D8D7FC300CB00FE /* fibroapoio.app */,
				99857E702D8D7FC400CB00FE /* fibroapoioTests.xctest */,
				99857E7A2D8D7FC400CB00FE /* fibroapoioUITests.xctest */,
			);
			name = Products;
			sourceTree = "<group>";
		};
/* End PBXGroup section */

/* Begin PBXNativeTarget section */
		99857E5F2D8D7FC300CB00FE /* fibroapoio */ = {
			isa = PBXNativeTarget;
			buildConfigurationList = 99857E842D8D7FC400CB00FE /* Build configuration list for PBXNativeTarget "fibroapoio" */;
			buildPhases = (
				99857E5C2D8D7FC300CB00FE /* Sources */,
				99857E5D2D8D7FC300CB00FE /* Frameworks */,
				99857E5E2D8D7FC300CB00FE /* Resources */,
			);
			buildRules = (
			);
			dependencies = (
			);
			fileSystemSynchronizedGroups = (
				99857E622D8D7FC300CB00FE /* Fibroapoio */,
			);
			name = fibroapoio;
			packageProductDependencies = (
				99857ECD2D8D816F00CB00FE /* FirebaseAnalytics */,
				99857ECF2D8D816F00CB00FE /* FirebaseAuth */,
				99857ED12D8D816F00CB00FE /* FirebaseCore */,
				99857ED32D8D816F00CB00FE /* FirebaseFirestore */,
			);
			productName = fibroapoio;
			productReference = 99857E602D8D7FC300CB00FE /* fibroapoio.app */;
			productType = "com.apple.product-type.application";
		};
		99857E6F2D8D7FC400CB00FE /* fibroapoioTests */ = {
			isa = PBXNativeTarget;
			buildConfigurationList = 99857E872D8D7FC400CB00FE /* Build configuration list for PBXNativeTarget "fibroapoioTests" */;
			buildPhases = (
				99857E6C2D8D7FC400CB00FE /* Sources */,
				99857E6D2D8D7FC400CB00FE /* Frameworks */,
				99857E6E2D8D7FC400CB00FE /* Resources */,
			);
			buildRules = (
			);
			dependencies = (
				99857E722D8D7FC400CB00FE /* PBXTargetDependency */,
			);
			fileSystemSynchronizedGroups = (
				99857E732D8D7FC400CB00FE /* FibroApoioTests */,
			);
			name = fibroapoioTests;
			packageProductDependencies = (
			);
			productName = fibroapoioTests;
			productReference = 99857E702D8D7FC400CB00FE /* fibroapoioTests.xctest */;
			productType = "com.apple.product-type.bundle.unit-test";
		};
		99857E792D8D7FC400CB00FE /* fibroapoioUITests */ = {
			isa = PBXNativeTarget;
			buildConfigurationList = 99857E8A2D8D7FC400CB00FE /* Build configuration list for PBXNativeTarget "fibroapoioUITests" */;
			buildPhases = (
				99857E762D8D7FC400CB00FE /* Sources */,
				99857E772D8D7FC400CB00FE /* Frameworks */,
				99857E782D8D7FC400CB00FE /* Resources */,
			);
			buildRules = (
			);
			dependencies = (
				99857E7C2D8D7FC400CB00FE /* PBXTargetDependency */,
			);
			fileSystemSynchronizedGroups = (
				99857E7D2D8D7FC400CB00FE /* FibroApoioUITests */,
			);
			name = fibroapoioUITests;
			packageProductDependencies = (
			);
			productName = fibroapoioUITests;
			productReference = 99857E7A2D8D7FC400CB00FE /* fibroapoioUITests.xctest */;
			productType = "com.apple.product-type.bundle.ui-testing";
		};
/* End PBXNativeTarget section */

/* Begin PBXProject section */
		99857E582D8D7FC300CB00FE /* Project object */ = {
			isa = PBXProject;
			attributes = {
				BuildIndependentTargetsInParallel = 1;
				LastSwiftUpdateCheck = 1620;
				LastUpgradeCheck = 1620;
				TargetAttributes = {
					99857E5F2D8D7FC300CB00FE = {
						CreatedOnToolsVersion = 16.2;
					};
					99857E6F2D8D7FC400CB00FE = {
						CreatedOnToolsVersion = 16.2;
						TestTargetID = 99857E5F2D8D7FC300CB00FE;
					};
					99857E792D8D7FC400CB00FE = {
						CreatedOnToolsVersion = 16.2;
						TestTargetID = 99857E5F2D8D7FC300CB00FE;
					};
				};
			};
			buildConfigurationList = 99857E5B2D8D7FC300CB00FE /* Build configuration list for PBXProject "fibroapoio" */;
			developmentRegion = en;
			hasScannedForEncodings = 0;
			knownRegions = (
				en,
				Base,
			);
			mainGroup = 99857E572D8D7FC300CB00FE;
			minimizedProjectReferenceProxies = 1;
			packageReferences = (
				99857ECC2D8D816F00CB00FE /* XCRemoteSwiftPackageReference "firebase-ios-sdk" */,
			);
			preferredProjectObjectVersion = 77;
			productRefGroup = 99857E612D8D7FC300CB00FE /* Products */;
			projectDirPath = "";
			projectRoot = "";
			targets = (
				99857E5F2D8D7FC300CB00FE /* fibroapoio */,
				99857E6F2D8D7FC400CB00FE /* fibroapoioTests */,
				99857E792D8D7FC400CB00FE /* fibroapoioUITests */,
			);
		};
/* End PBXProject section */

/* Begin PBXResourcesBuildPhase section */
		99857E5E2D8D7FC300CB00FE /* Resources */ = {
			isa = PBXResourcesBuildPhase;
			buildActionMask = 2147483647;
			files = (
			);
			runOnlyForDeploymentPostprocessing = 0;
		};
		99857E6E2D8D7FC400CB00FE /* Resources */ = {
			isa = PBXResourcesBuildPhase;
			buildActionMask = 2147483647;
			files = (
			);
			runOnlyForDeploymentPostprocessing = 0;
		};
		99857E782D8D7FC400CB00FE /* Resources */ = {
			isa = PBXResourcesBuildPhase;
			buildActionMask = 2147483647;
			files = (
			);
			runOnlyForDeploymentPostprocessing = 0;
		};
/* End PBXResourcesBuildPhase section */

/* Begin PBXSourcesBuildPhase section */
		99857E5C2D8D7FC300CB00FE /* Sources */ = {
			isa = PBXSourcesBuildPhase;
			buildActionMask = 2147483647;
			files = (
			);
			runOnlyForDeploymentPostprocessing = 0;
		};
		99857E6C2D8D7FC400CB00FE /* Sources */ = {
			isa = PBXSourcesBuildPhase;
			buildActionMask = 2147483647;
			files = (
			);
			runOnlyForDeploymentPostprocessing = 0;
		};
		99857E762D8D7FC400CB00FE /* Sources */ = {
			isa = PBXSourcesBuildPhase;
			buildActionMask = 2147483647;
			files = (
			);
			runOnlyForDeploymentPostprocessing = 0;
		};
/* End PBXSourcesBuildPhase section */

/* Begin PBXTargetDependency section */
		99857E722D8D7FC400CB00FE /* PBXTargetDependency */ = {
			isa = PBXTargetDependency;
			target = 99857E5F2D8D7FC300CB00FE /* fibroapoio */;
			targetProxy = 99857E712D8D7FC400CB00FE /* PBXContainerItemProxy */;
		};
		99857E7C2D8D7FC400CB00FE /* PBXTargetDependency */ = {
			isa = PBXTargetDependency;
			target = 99857E5F2D8D7FC300CB00FE /* fibroapoio */;
			targetProxy = 99857E7B2D8D7FC400CB00FE /* PBXContainerItemProxy */;
		};
/* End PBXTargetDependency section */

/* Begin XCBuildConfiguration section */
		99857E822D8D7FC400CB00FE /* Debug */ = {
			isa = XCBuildConfiguration;
			buildSettings = {
				ALWAYS_SEARCH_USER_PATHS = NO;
				ASSETCATALOG_COMPILER_GENERATE_SWIFT_ASSET_SYMBOL_EXTENSIONS = YES;
				CLANG_ANALYZER_NONNULL = YES;
				CLANG_ANALYZER_NUMBER_OBJECT_CONVERSION = YES_AGGRESSIVE;
				CLANG_CXX_LANGUAGE_STANDARD = "gnu++20";
				CLANG_ENABLE_MODULES = YES;
				CLANG_ENABLE_OBJC_ARC = YES;
				CLANG_ENABLE_OBJC_WEAK = YES;
				CLANG_WARN_BLOCK_CAPTURE_AUTORELEASING = YES;
				CLANG_WARN_BOOL_CONVERSION = YES;
				CLANG_WARN_COMMA = YES;
				CLANG_WARN_CONSTANT_CONVERSION = YES;
				CLANG_WARN_DEPRECATED_OBJC_IMPLEMENTATIONS = YES;
				CLANG_WARN_DIRECT_OBJC_ISA_USAGE = YES_ERROR;
				CLANG_WARN_DOCUMENTATION_COMMENTS = YES;
				CLANG_WARN_EMPTY_BODY = YES;
				CLANG_WARN_ENUM_CONVERSION = YES;
				CLANG_WARN_INFINITE_RECURSION = YES;
				CLANG_WARN_INT_CONVERSION = YES;
				CLANG_WARN_NON_LITERAL_NULL_CONVERSION = YES;
				CLANG_WARN_OBJC_IMPLICIT_RETAIN_SELF = YES;
				CLANG_WARN_OBJC_LITERAL_CONVERSION = YES;
				CLANG_WARN_OBJC_ROOT_CLASS = YES_ERROR;
				CLANG_WARN_QUOTED_INCLUDE_IN_FRAMEWORK_HEADER = YES;
				CLANG_WARN_RANGE_LOOP_ANALYSIS = YES;
				CLANG_WARN_STRICT_PROTOTYPES = YES;
				CLANG_WARN_SUSPICIOUS_MOVE = YES;
				CLANG_WARN_UNGUARDED_AVAILABILITY = YES_AGGRESSIVE;
				CLANG_WARN_UNREACHABLE_CODE = YES;
				CLANG_WARN__DUPLICATE_METHOD_MATCH = YES;
				COPY_PHASE_STRIP = NO;
				DEBUG_INFORMATION_FORMAT = dwarf;
				ENABLE_STRICT_OBJC_MSGSEND = YES;
				ENABLE_TESTABILITY = YES;
				ENABLE_USER_SCRIPT_SANDBOXING = YES;
				GCC_C_LANGUAGE_STANDARD = gnu17;
				GCC_DYNAMIC_NO_PIC = NO;
				GCC_NO_COMMON_BLOCKS = YES;
				GCC_OPTIMIZATION_LEVEL = 0;
				GCC_PREPROCESSOR_DEFINITIONS = (
					"DEBUG=1",
					"$(inherited)",
				);
				GCC_WARN_64_TO_32_BIT_CONVERSION = YES;
				GCC_WARN_ABOUT_RETURN_TYPE = YES_ERROR;
				GCC_WARN_UNDECLARED_SELECTOR = YES;
				GCC_WARN_UNINITIALIZED_AUTOS = YES_AGGRESSIVE;
				GCC_WARN_UNUSED_FUNCTION = YES;
				GCC_WARN_UNUSED_VARIABLE = YES;
				IPHONEOS_DEPLOYMENT_TARGET = 18.2;
				LOCALIZATION_PREFERS_STRING_CATALOGS = YES;
				MTL_ENABLE_DEBUG_INFO = INCLUDE_SOURCE;
				MTL_FAST_MATH = YES;
				ONLY_ACTIVE_ARCH = YES;
				SDKROOT = iphoneos;
				SWIFT_ACTIVE_COMPILATION_CONDITIONS = "DEBUG $(inherited)";
				SWIFT_OPTIMIZATION_LEVEL = "-Onone";
			};
			name = Debug;
		};
		99857E832D8D7FC400CB00FE /* Release */ = {
			isa = XCBuildConfiguration;
			buildSettings = {
				ALWAYS_SEARCH_USER_PATHS = NO;
				ASSETCATALOG_COMPILER_GENERATE_SWIFT_ASSET_SYMBOL_EXTENSIONS = YES;
				CLANG_ANALYZER_NONNULL = YES;
				CLANG_ANALYZER_NUMBER_OBJECT_CONVERSION = YES_AGGRESSIVE;
				CLANG_CXX_LANGUAGE_STANDARD = "gnu++20";
				CLANG_ENABLE_MODULES = YES;
				CLANG_ENABLE_OBJC_ARC = YES;
				CLANG_ENABLE_OBJC_WEAK = YES;
				CLANG_WARN_BLOCK_CAPTURE_AUTORELEASING = YES;
				CLANG_WARN_BOOL_CONVERSION = YES;
				CLANG_WARN_COMMA = YES;
				CLANG_WARN_CONSTANT_CONVERSION = YES;
				CLANG_WARN_DEPRECATED_OBJC_IMPLEMENTATIONS = YES;
				CLANG_WARN_DIRECT_OBJC_ISA_USAGE = YES_ERROR;
				CLANG_WARN_DOCUMENTATION_COMMENTS = YES;
				CLANG_WARN_EMPTY_BODY = YES;
				CLANG_WARN_ENUM_CONVERSION = YES;
				CLANG_WARN_INFINITE_RECURSION = YES;
				CLANG_WARN_INT_CONVERSION = YES;
				CLANG_WARN_NON_LITERAL_NULL_CONVERSION = YES;
				CLANG_WARN_OBJC_IMPLICIT_RETAIN_SELF = YES;
				CLANG_WARN_OBJC_LITERAL_CONVERSION = YES;
				CLANG_WARN_OBJC_ROOT_CLASS = YES_ERROR;
				CLANG_WARN_QUOTED_INCLUDE_IN_FRAMEWORK_HEADER = YES;
				CLANG_WARN_RANGE_LOOP_ANALYSIS = YES;
				CLANG_WARN_STRICT_PROTOTYPES = YES;
				CLANG_WARN_SUSPICIOUS_MOVE = YES;
				CLANG_WARN_UNGUARDED_AVAILABILITY = YES_AGGRESSIVE;
				CLANG_WARN_UNREACHABLE_CODE = YES;
				CLANG_WARN__DUPLICATE_METHOD_MATCH = YES;
				COPY_PHASE_STRIP = NO;
				DEBUG_INFORMATION_FORMAT = "dwarf-with-dsym";
				ENABLE_NS_ASSERTIONS = NO;
				ENABLE_STRICT_OBJC_MSGSEND = YES;
				ENABLE_USER_SCRIPT_SANDBOXING = YES;
				GCC_C_LANGUAGE_STANDARD = gnu17;
				GCC_NO_COMMON_BLOCKS = YES;
				GCC_WARN_64_TO_32_BIT_CONVERSION = YES;
				GCC_WARN_ABOUT_RETURN_TYPE = YES_ERROR;
				GCC_WARN_UNDECLARED_SELECTOR = YES;
				GCC_WARN_UNINITIALIZED_AUTOS = YES_AGGRESSIVE;
				GCC_WARN_UNUSED_FUNCTION = YES;
				GCC_WARN_UNUSED_VARIABLE = YES;
				IPHONEOS_DEPLOYMENT_TARGET = 18.2;
				LOCALIZATION_PREFERS_STRING_CATALOGS = YES;
				MTL_ENABLE_DEBUG_INFO = NO;
				MTL_FAST_MATH = YES;
				SDKROOT = iphoneos;
				SWIFT_COMPILATION_MODE = wholemodule;
				VALIDATE_PRODUCT = YES;
			};
			name = Release;
		};
		99857E852D8D7FC400CB00FE /* Debug */ = {
			isa = XCBuildConfiguration;
			buildSettings = {
				ASSETCATALOG_COMPILER_APPICON_NAME = AppIcon;
				ASSETCATALOG_COMPILER_GLOBAL_ACCENT_COLOR_NAME = AccentColor;
				CODE_SIGN_STYLE = Automatic;
				CURRENT_PROJECT_VERSION = 1;
				DEVELOPMENT_ASSET_PATHS = "\"fibroapoio/Preview Content\"";
				DEVELOPMENT_TEAM = SGZW678AST;
				ENABLE_PREVIEWS = YES;
				GENERATE_INFOPLIST_FILE = YES;
				INFOPLIST_KEY_CFBundleDisplayName = "Fibro Apoio";
				INFOPLIST_KEY_LSApplicationCategoryType = "public.app-category.healthcare-fitness";
				INFOPLIST_KEY_UIApplicationSceneManifest_Generation = YES;
				INFOPLIST_KEY_UIApplicationSupportsIndirectInputEvents = YES;
				INFOPLIST_KEY_UILaunchScreen_Generation = YES;
				INFOPLIST_KEY_UISupportedInterfaceOrientations_iPad = "UIInterfaceOrientationPortrait UIInterfaceOrientationPortraitUpsideDown UIInterfaceOrientationLandscapeLeft UIInterfaceOrientationLandscapeRight";
				INFOPLIST_KEY_UISupportedInterfaceOrientations_iPhone = "UIInterfaceOrientationPortrait UIInterfaceOrientationLandscapeLeft UIInterfaceOrientationLandscapeRight";
				LD_RUNPATH_SEARCH_PATHS = (
					"$(inherited)",
					"@executable_path/Frameworks",
				);
				MARKETING_VERSION = 1.0;
				PRODUCT_BUNDLE_IDENTIFIER = italoteofilo.FibroApoio;
				PRODUCT_NAME = "$(TARGET_NAME)";
				SWIFT_EMIT_LOC_STRINGS = YES;
				SWIFT_VERSION = 5.0;
				TARGETED_DEVICE_FAMILY = "1,2";
			};
			name = Debug;
		};
		99857E862D8D7FC400CB00FE /* Release */ = {
			isa = XCBuildConfiguration;
			buildSettings = {
				ASSETCATALOG_COMPILER_APPICON_NAME = AppIcon;
				ASSETCATALOG_COMPILER_GLOBAL_ACCENT_COLOR_NAME = AccentColor;
				CODE_SIGN_STYLE = Automatic;
				CURRENT_PROJECT_VERSION = 1;
				DEVELOPMENT_ASSET_PATHS = "\"fibroapoio/Preview Content\"";
				DEVELOPMENT_TEAM = SGZW678AST;
				ENABLE_PREVIEWS = YES;
				GENERATE_INFOPLIST_FILE = YES;
				INFOPLIST_KEY_CFBundleDisplayName = "Fibro Apoio";
				INFOPLIST_KEY_LSApplicationCategoryType = "public.app-category.healthcare-fitness";
				INFOPLIST_KEY_UIApplicationSceneManifest_Generation = YES;
				INFOPLIST_KEY_UIApplicationSupportsIndirectInputEvents = YES;
				INFOPLIST_KEY_UILaunchScreen_Generation = YES;
				INFOPLIST_KEY_UISupportedInterfaceOrientations_iPad = "UIInterfaceOrientationPortrait UIInterfaceOrientationPortraitUpsideDown UIInterfaceOrientationLandscapeLeft UIInterfaceOrientationLandscapeRight";
				INFOPLIST_KEY_UISupportedInterfaceOrientations_iPhone = "UIInterfaceOrientationPortrait UIInterfaceOrientationLandscapeLeft UIInterfaceOrientationLandscapeRight";
				LD_RUNPATH_SEARCH_PATHS = (
					"$(inherited)",
					"@executable_path/Frameworks",
				);
				MARKETING_VERSION = 1.0;
				PRODUCT_BUNDLE_IDENTIFIER = italoteofilo.FibroApoio;
				PRODUCT_NAME = "$(TARGET_NAME)";
				SWIFT_EMIT_LOC_STRINGS = YES;
				SWIFT_VERSION = 5.0;
				TARGETED_DEVICE_FAMILY = "1,2";
			};
			name = Release;
		};
		99857E882D8D7FC400CB00FE /* Debug */ = {
			isa = XCBuildConfiguration;
			buildSettings = {
				BUNDLE_LOADER = "$(TEST_HOST)";
				CODE_SIGN_STYLE = Automatic;
				CURRENT_PROJECT_VERSION = 1;
				DEVELOPMENT_TEAM = SGZW678AST;
				GENERATE_INFOPLIST_FILE = YES;
				IPHONEOS_DEPLOYMENT_TARGET = 18.2;
				MARKETING_VERSION = 1.0;
				PRODUCT_BUNDLE_IDENTIFIER = italoteofilo.fibroapoioTests;
				PRODUCT_NAME = "$(TARGET_NAME)";
				SWIFT_EMIT_LOC_STRINGS = NO;
				SWIFT_VERSION = 5.0;
				TARGETED_DEVICE_FAMILY = "1,2";
				TEST_HOST = "$(BUILT_PRODUCTS_DIR)/fibroapoio.app/$(BUNDLE_EXECUTABLE_FOLDER_PATH)/fibroapoio";
			};
			name = Debug;
		};
		99857E892D8D7FC400CB00FE /* Release */ = {
			isa = XCBuildConfiguration;
			buildSettings = {
				BUNDLE_LOADER = "$(TEST_HOST)";
				CODE_SIGN_STYLE = Automatic;
				CURRENT_PROJECT_VERSION = 1;
				DEVELOPMENT_TEAM = SGZW678AST;
				GENERATE_INFOPLIST_FILE = YES;
				IPHONEOS_DEPLOYMENT_TARGET = 18.2;
				MARKETING_VERSION = 1.0;
				PRODUCT_BUNDLE_IDENTIFIER = italoteofilo.fibroapoioTests;
				PRODUCT_NAME = "$(TARGET_NAME)";
				SWIFT_EMIT_LOC_STRINGS = NO;
				SWIFT_VERSION = 5.0;
				TARGETED_DEVICE_FAMILY = "1,2";
				TEST_HOST = "$(BUILT_PRODUCTS_DIR)/fibroapoio.app/$(BUNDLE_EXECUTABLE_FOLDER_PATH)/fibroapoio";
			};
			name = Release;
		};
		99857E8B2D8D7FC400CB00FE /* Debug */ = {
			isa = XCBuildConfiguration;
			buildSettings = {
				CODE_SIGN_STYLE = Automatic;
				CURRENT_PROJECT_VERSION = 1;
				DEVELOPMENT_TEAM = SGZW678AST;
				GENERATE_INFOPLIST_FILE = YES;
				MARKETING_VERSION = 1.0;
				PRODUCT_BUNDLE_IDENTIFIER = italoteofilo.fibroapoioUITests;
				PRODUCT_NAME = "$(TARGET_NAME)";
				SWIFT_EMIT_LOC_STRINGS = NO;
				SWIFT_VERSION = 5.0;
				TARGETED_DEVICE_FAMILY = "1,2";
				TEST_TARGET_NAME = fibroapoio;
			};
			name = Debug;
		};
		99857E8C2D8D7FC400CB00FE /* Release */ = {
			isa = XCBuildConfiguration;
			buildSettings = {
				CODE_SIGN_STYLE = Automatic;
				CURRENT_PROJECT_VERSION = 1;
				DEVELOPMENT_TEAM = SGZW678AST;
				GENERATE_INFOPLIST_FILE = YES;
				MARKETING_VERSION = 1.0;
				PRODUCT_BUNDLE_IDENTIFIER = italoteofilo.fibroapoioUITests;
				PRODUCT_NAME = "$(TARGET_NAME)";
				SWIFT_EMIT_LOC_STRINGS = NO;
				SWIFT_VERSION = 5.0;
				TARGETED_DEVICE_FAMILY = "1,2";
				TEST_TARGET_NAME = fibroapoio;
			};
			name = Release;
		};
/* End XCBuildConfiguration section */

/* Begin XCConfigurationList section */
		99857E5B2D8D7FC300CB00FE /* Build configuration list for PBXProject "fibroapoio" */ = {
			isa = XCConfigurationList;
			buildConfigurations = (
				99857E822D8D7FC400CB00FE /* Debug */,
				99857E832D8D7FC400CB00FE /* Release */,
			);
			defaultConfigurationIsVisible = 0;
			defaultConfigurationName = Release;
		};
		99857E842D8D7FC400CB00FE /* Build configuration list for PBXNativeTarget "fibroapoio" */ = {
			isa = XCConfigurationList;
			buildConfigurations = (
				99857E852D8D7FC400CB00FE /* Debug */,
				99857E862D8D7FC400CB00FE /* Release */,
			);
			defaultConfigurationIsVisible = 0;
			defaultConfigurationName = Release;
		};
		99857E872D8D7FC400CB00FE /* Build configuration list for PBXNativeTarget "fibroapoioTests" */ = {
			isa = XCConfigurationList;
			buildConfigurations = (
				99857E882D8D7FC400CB00FE /* Debug */,
				99857E892D8D7FC400CB00FE /* Release */,
			);
			defaultConfigurationIsVisible = 0;
			defaultConfigurationName = Release;
		};
		99857E8A2D8D7FC400CB00FE /* Build configuration list for PBXNativeTarget "fibroapoioUITests" */ = {
			isa = XCConfigurationList;
			buildConfigurations = (
				99857E8B2D8D7FC400CB00FE /* Debug */,
				99857E8C2D8D7FC400CB00FE /* Release */,
			);
			defaultConfigurationIsVisible = 0;
			defaultConfigurationName = Release;
		};
/* End XCConfigurationList section */

/* Begin XCRemoteSwiftPackageReference section */
		99857ECC2D8D816F00CB00FE /* XCRemoteSwiftPackageReference "firebase-ios-sdk" */ = {
			isa = XCRemoteSwiftPackageReference;
			repositoryURL = "https://github.com/firebase/firebase-ios-sdk";
			requirement = {
				kind = upToNextMajorVersion;
				minimumVersion = 11.10.0;
			};
		};
/* End XCRemoteSwiftPackageReference section */

/* Begin XCSwiftPackageProductDependency section */
		99857ECD2D8D816F00CB00FE /* FirebaseAnalytics */ = {
			isa = XCSwiftPackageProductDependency;
			package = 99857ECC2D8D816F00CB00FE /* XCRemoteSwiftPackageReference "firebase-ios-sdk" */;
			productName = FirebaseAnalytics;
		};
		99857ECF2D8D816F00CB00FE /* FirebaseAuth */ = {
			isa = XCSwiftPackageProductDependency;
			package = 99857ECC2D8D816F00CB00FE /* XCRemoteSwiftPackageReference "firebase-ios-sdk" */;
			productName = FirebaseAuth;
		};
		99857ED12D8D816F00CB00FE /* FirebaseCore */ = {
			isa = XCSwiftPackageProductDependency;
			package = 99857ECC2D8D816F00CB00FE /* XCRemoteSwiftPackageReference "firebase-ios-sdk" */;
			productName = FirebaseCore;
		};
		99857ED32D8D816F00CB00FE /* FirebaseFirestore */ = {
			isa = XCSwiftPackageProductDependency;
			package = 99857ECC2D8D816F00CB00FE /* XCRemoteSwiftPackageReference "firebase-ios-sdk" */;
			productName = FirebaseFirestore;
		};
/* End XCSwiftPackageProductDependency section */
	};
	rootObject = 99857E582D8D7FC300CB00FE /* Project object */;
}
